{
  "name": "js-test-writer",
  "version": "0.1.0",
  "lockfileVersion": 2,
  "requires": true,
  "packages": {
    "": {
      "name": "js-test-writer",
      "version": "0.1.0",
      "license": "MIT",
      "dependencies": {
        "@babel/parser": "^7.16.6"
      },
      "bin": {
        "makejstests": "bin/index.js"
      }
    },
    "node_modules/@babel/parser": {
      "version": "7.16.6",
      "resolved": "https://registry.npmjs.org/@babel/parser/-/parser-7.16.6.tgz",
      "integrity": "sha512-Gr86ujcNuPDnNOY8mi383Hvi8IYrJVJYuf3XcuBM/Dgd+bINn/7tHqsj+tKkoreMbmGsFLsltI/JJd8fOFWGDQ==",
      "bin": {
        "parser": "bin/babel-parser.js"
      },
      "engines": {
        "node": ">=6.0.0"
      }
    }
  },
  "dependencies": {
    "@babel/parser": {
      "version": "7.16.6",
      "resolved": "https://registry.npmjs.org/@babel/parser/-/parser-7.16.6.tgz",
      "integrity": "sha512-Gr86ujcNuPDnNOY8mi383Hvi8IYrJVJYuf3XcuBM/Dgd+bINn/7tHqsj+tKkoreMbmGsFLsltI/JJd8fOFWGDQ=="
    }
  }
}
